
Microsoft Visual Studio Solution File, Format Version 12.00
# Visual Studio Version 17
VisualStudioVersion = 17.4.33103.184
MinimumVisualStudioVersion = 10.0.40219.1
Project("{FAE04EC0-301F-11D3-BF4B-00C04F79EFBC}") = "BookSpace.API", "BookSpace.API.csproj", "{0F91580C-A47F-4D35-8F66-AD6EB0049E8F}"
	ProjectSection(ProjectDependencies) = postProject
		{46B5428E-AAB5-4363-A58C-E7CAAB30F7FC} = {46B5428E-AAB5-4363-A58C-E7CAAB30F7FC}
		{71F93DF9-4361-415C-AD95-EFA7711BCB36} = {71F93DF9-4361-415C-AD95-EFA7711BCB36}
		{E8E647B0-61E6-43EE-873C-9A811DF1625E} = {E8E647B0-61E6-43EE-873C-9A811DF1625E}
		{F351F8AF-8361-4403-B343-110C83AFE227} = {F351F8AF-8361-4403-B343-110C83AFE227}
	EndProjectSection
EndProject
Project("{2150E333-8FDC-42A3-9474-1A3956D46DE8}") = "BusinessLogic", "BusinessLogic", "{A5BD0090-D444-44B9-AD0C-FF34807E8C75}"
EndProject
Project("{FAE04EC0-301F-11D3-BF4B-00C04F79EFBC}") = "BookSpace.BusinessLogic", "..\BookSpace.BusinessLogic\BookSpace.BusinessLogic.csproj", "{E8E647B0-61E6-43EE-873C-9A811DF1625E}"
	ProjectSection(ProjectDependencies) = postProject
		{46B5428E-AAB5-4363-A58C-E7CAAB30F7FC} = {46B5428E-AAB5-4363-A58C-E7CAAB30F7FC}
		{F351F8AF-8361-4403-B343-110C83AFE227} = {F351F8AF-8361-4403-B343-110C83AFE227}
	EndProjectSection
EndProject
Project("{FAE04EC0-301F-11D3-BF4B-00C04F79EFBC}") = "BookSpace.BusinessLogic.Interfaces", "..\BookSpace.BusinessLogic.Interfaces\BookSpace.BusinessLogic.Interfaces.csproj", "{F351F8AF-8361-4403-B343-110C83AFE227}"
	ProjectSection(ProjectDependencies) = postProject
		{79BBB45A-448F-44F4-9251-C5E833D5AB85} = {79BBB45A-448F-44F4-9251-C5E833D5AB85}
		{A9F1F2E7-6EC0-4F42-BBEF-5BB75E366AC4} = {A9F1F2E7-6EC0-4F42-BBEF-5BB75E366AC4}
	EndProjectSection
EndProject
Project("{2150E333-8FDC-42A3-9474-1A3956D46DE8}") = "Services", "Services", "{053ED1BC-FF75-4E20-B858-9978E1BB1C33}"
EndProject
Project("{FAE04EC0-301F-11D3-BF4B-00C04F79EFBC}") = "BookSpace.Services", "..\BookSpace.Services\BookSpace.Services.csproj", "{46B5428E-AAB5-4363-A58C-E7CAAB30F7FC}"
	ProjectSection(ProjectDependencies) = postProject
		{57625AF5-C2C5-49B6-820E-EF13774E26E9} = {57625AF5-C2C5-49B6-820E-EF13774E26E9}
	EndProjectSection
EndProject
Project("{FAE04EC0-301F-11D3-BF4B-00C04F79EFBC}") = "BookSpace.Services.Interfaces", "..\BookSpace.Services.Interfaces\BookSpace.Services.Interfaces.csproj", "{57625AF5-C2C5-49B6-820E-EF13774E26E9}"
	ProjectSection(ProjectDependencies) = postProject
		{79BBB45A-448F-44F4-9251-C5E833D5AB85} = {79BBB45A-448F-44F4-9251-C5E833D5AB85}
	EndProjectSection
EndProject
Project("{2150E333-8FDC-42A3-9474-1A3956D46DE8}") = "Models", "Models", "{61CA7CC4-780B-49EB-A7F7-AF3716AC51B4}"
EndProject
Project("{FAE04EC0-301F-11D3-BF4B-00C04F79EFBC}") = "BusinessModel", "..\BusinessModel\BusinessModel.csproj", "{A9F1F2E7-6EC0-4F42-BBEF-5BB75E366AC4}"
EndProject
Project("{FAE04EC0-301F-11D3-BF4B-00C04F79EFBC}") = "DataModel", "..\DataModel\DataModel.csproj", "{79BBB45A-448F-44F4-9251-C5E833D5AB85}"
EndProject
Project("{FAE04EC0-301F-11D3-BF4B-00C04F79EFBC}") = "Mapper", "..\Mapper\Mapper.csproj", "{71F93DF9-4361-415C-AD95-EFA7711BCB36}"
	ProjectSection(ProjectDependencies) = postProject
		{79BBB45A-448F-44F4-9251-C5E833D5AB85} = {79BBB45A-448F-44F4-9251-C5E833D5AB85}
		{A9F1F2E7-6EC0-4F42-BBEF-5BB75E366AC4} = {A9F1F2E7-6EC0-4F42-BBEF-5BB75E366AC4}
	EndProjectSection
EndProject
Global
	GlobalSection(SolutionConfigurationPlatforms) = preSolution
		Debug|Any CPU = Debug|Any CPU
		Release|Any CPU = Release|Any CPU
	EndGlobalSection
	GlobalSection(ProjectConfigurationPlatforms) = postSolution
		{0F91580C-A47F-4D35-8F66-AD6EB0049E8F}.Debug|Any CPU.ActiveCfg = Debug|Any CPU
		{0F91580C-A47F-4D35-8F66-AD6EB0049E8F}.Debug|Any CPU.Build.0 = Debug|Any CPU
		{0F91580C-A47F-4D35-8F66-AD6EB0049E8F}.Release|Any CPU.ActiveCfg = Release|Any CPU
		{0F91580C-A47F-4D35-8F66-AD6EB0049E8F}.Release|Any CPU.Build.0 = Release|Any CPU
		{E8E647B0-61E6-43EE-873C-9A811DF1625E}.Debug|Any CPU.ActiveCfg = Debug|Any CPU
		{E8E647B0-61E6-43EE-873C-9A811DF1625E}.Debug|Any CPU.Build.0 = Debug|Any CPU
		{E8E647B0-61E6-43EE-873C-9A811DF1625E}.Release|Any CPU.ActiveCfg = Release|Any CPU
		{E8E647B0-61E6-43EE-873C-9A811DF1625E}.Release|Any CPU.Build.0 = Release|Any CPU
		{F351F8AF-8361-4403-B343-110C83AFE227}.Debug|Any CPU.ActiveCfg = Debug|Any CPU
		{F351F8AF-8361-4403-B343-110C83AFE227}.Debug|Any CPU.Build.0 = Debug|Any CPU
		{F351F8AF-8361-4403-B343-110C83AFE227}.Release|Any CPU.ActiveCfg = Release|Any CPU
		{F351F8AF-8361-4403-B343-110C83AFE227}.Release|Any CPU.Build.0 = Release|Any CPU
		{46B5428E-AAB5-4363-A58C-E7CAAB30F7FC}.Debug|Any CPU.ActiveCfg = Debug|Any CPU
		{46B5428E-AAB5-4363-A58C-E7CAAB30F7FC}.Debug|Any CPU.Build.0 = Debug|Any CPU
		{46B5428E-AAB5-4363-A58C-E7CAAB30F7FC}.Release|Any CPU.ActiveCfg = Release|Any CPU
		{46B5428E-AAB5-4363-A58C-E7CAAB30F7FC}.Release|Any CPU.Build.0 = Release|Any CPU
		{57625AF5-C2C5-49B6-820E-EF13774E26E9}.Debug|Any CPU.ActiveCfg = Debug|Any CPU
		{57625AF5-C2C5-49B6-820E-EF13774E26E9}.Debug|Any CPU.Build.0 = Debug|Any CPU
		{57625AF5-C2C5-49B6-820E-EF13774E26E9}.Release|Any CPU.ActiveCfg = Release|Any CPU
		{57625AF5-C2C5-49B6-820E-EF13774E26E9}.Release|Any CPU.Build.0 = Release|Any CPU
		{A9F1F2E7-6EC0-4F42-BBEF-5BB75E366AC4}.Debug|Any CPU.ActiveCfg = Debug|Any CPU
		{A9F1F2E7-6EC0-4F42-BBEF-5BB75E366AC4}.Debug|Any CPU.Build.0 = Debug|Any CPU
		{A9F1F2E7-6EC0-4F42-BBEF-5BB75E366AC4}.Release|Any CPU.ActiveCfg = Release|Any CPU
		{A9F1F2E7-6EC0-4F42-BBEF-5BB75E366AC4}.Release|Any CPU.Build.0 = Release|Any CPU
		{79BBB45A-448F-44F4-9251-C5E833D5AB85}.Debug|Any CPU.ActiveCfg = Debug|Any CPU
		{79BBB45A-448F-44F4-9251-C5E833D5AB85}.Debug|Any CPU.Build.0 = Debug|Any CPU
		{79BBB45A-448F-44F4-9251-C5E833D5AB85}.Release|Any CPU.ActiveCfg = Release|Any CPU
		{79BBB45A-448F-44F4-9251-C5E833D5AB85}.Release|Any CPU.Build.0 = Release|Any CPU
		{71F93DF9-4361-415C-AD95-EFA7711BCB36}.Debug|Any CPU.ActiveCfg = Debug|Any CPU
		{71F93DF9-4361-415C-AD95-EFA7711BCB36}.Debug|Any CPU.Build.0 = Debug|Any CPU
		{71F93DF9-4361-415C-AD95-EFA7711BCB36}.Release|Any CPU.ActiveCfg = Release|Any CPU
		{71F93DF9-4361-415C-AD95-EFA7711BCB36}.Release|Any CPU.Build.0 = Release|Any CPU
	EndGlobalSection
	GlobalSection(SolutionProperties) = preSolution
		HideSolutionNode = FALSE
	EndGlobalSection
	GlobalSection(NestedProjects) = preSolution
		{E8E647B0-61E6-43EE-873C-9A811DF1625E} = {A5BD0090-D444-44B9-AD0C-FF34807E8C75}
		{F351F8AF-8361-4403-B343-110C83AFE227} = {A5BD0090-D444-44B9-AD0C-FF34807E8C75}
		{46B5428E-AAB5-4363-A58C-E7CAAB30F7FC} = {053ED1BC-FF75-4E20-B858-9978E1BB1C33}
		{57625AF5-C2C5-49B6-820E-EF13774E26E9} = {053ED1BC-FF75-4E20-B858-9978E1BB1C33}
		{A9F1F2E7-6EC0-4F42-BBEF-5BB75E366AC4} = {61CA7CC4-780B-49EB-A7F7-AF3716AC51B4}
		{79BBB45A-448F-44F4-9251-C5E833D5AB85} = {61CA7CC4-780B-49EB-A7F7-AF3716AC51B4}
		{71F93DF9-4361-415C-AD95-EFA7711BCB36} = {61CA7CC4-780B-49EB-A7F7-AF3716AC51B4}
	EndGlobalSection
	GlobalSection(ExtensibilityGlobals) = postSolution
		SolutionGuid = {E889E0AC-7153-4200-B9E4-E285B84636A0}
	EndGlobalSection
EndGlobal
